
Microsoft Visual Studio Solution File, Format Version 12.00
# Visual Studio 15
VisualStudioVersion = 15.0.28307.1062
MinimumVisualStudioVersion = 10.0.40219.1
Project("{FAE04EC0-301F-11D3-BF4B-00C04F79EFBC}") = "Podstawowy_foto_edytor", "Podstawowy_foto_edytor\Podstawowy_foto_edytor.csproj", "{5E2B32AE-3F7A-4DC3-963C-DF15754F6AA1}"
EndProject
Global
	GlobalSection(SolutionConfigurationPlatforms) = preSolution
		Debug|Any CPU = Debug|Any CPU
		Release|Any CPU = Release|Any CPU
	EndGlobalSection
	GlobalSection(ProjectConfigurationPlatforms) = postSolution
		{5E2B32AE-3F7A-4DC3-963C-DF15754F6AA1}.Debug|Any CPU.ActiveCfg = Debug|Any CPU
		{5E2B32AE-3F7A-4DC3-963C-DF15754F6AA1}.Debug|Any CPU.Build.0 = Debug|Any CPU
		{5E2B32AE-3F7A-4DC3-963C-DF15754F6AA1}.Release|Any CPU.ActiveCfg = Release|Any CPU
		{5E2B32AE-3F7A-4DC3-963C-DF15754F6AA1}.Release|Any CPU.Build.0 = Release|Any CPU
	EndGlobalSection
	GlobalSection(SolutionProperties) = preSolution
		HideSolutionNode = FALSE
	EndGlobalSection
	GlobalSection(ExtensibilityGlobals) = postSolution
		SolutionGuid = {A4286DB1-ACC1-4A5A-A94F-462FDD964E8A}
	EndGlobalSection
EndGlobal
